
Microsoft Visual Studio Solution File, Format Version 12.00
# Visual Studio Version 17
VisualStudioVersion = 17.11.35303.130
MinimumVisualStudioVersion = 10.0.40219.1
Project("{9A19103F-16F7-4668-BE54-9A1E7A4F7556}") = "Ejercicio01", "Ejercicio01\Ejercicio01.csproj", "{B72A8748-75CE-4AF6-8EEA-BEA699A6E7C1}"
EndProject
Project("{9A19103F-16F7-4668-BE54-9A1E7A4F7556}") = "Ejemplo", "Ejemplo\Ejemplo.csproj", "{06037923-BFC8-4A7D-892C-9E6A7FA12F96}"
EndProject
Project("{9A19103F-16F7-4668-BE54-9A1E7A4F7556}") = "Ejercicio02", "Ejercicio02\Ejercicio02.csproj", "{D33E876E-728C-4711-9AD6-F32921550290}"
EndProject
Project("{9A19103F-16F7-4668-BE54-9A1E7A4F7556}") = "Ejercicio03", "Ejercicio03\Ejercicio03.csproj", "{554ACBB7-BC7E-4DDC-8963-1019E611CA4C}"
EndProject
Project("{9A19103F-16F7-4668-BE54-9A1E7A4F7556}") = "Ejercicio04", "Ejercicio04\Ejercicio04.csproj", "{01E79A6F-6430-4976-B1A1-42329579407D}"
EndProject
<<<<<<< HEAD
Project("{9A19103F-16F7-4668-BE54-9A1E7A4F7556}") = "Ejercicio05UI", "Ejercicio05UI\Ejercicio05UI.csproj", "{A84F2F29-F56E-42DA-9CD6-301306B4C64B}"
=======
Project("{FAE04EC0-301F-11D3-BF4B-00C04F79EFBC}") = "Ejercicio05Ent", "Ejercicio05Ent\Ejercicio05Ent.csproj", "{58E53DB4-91E9-4231-9CBC-FAA08DDCCF0A}"
EndProject
Project("{FAE04EC0-301F-11D3-BF4B-00C04F79EFBC}") = "Ejercicio05UI", "Ejercicio05UI\Ejercicio05UI.csproj", "{A84F2F29-F56E-42DA-9CD6-301306B4C64B}"
>>>>>>> origin/main
EndProject
Global
	GlobalSection(SolutionConfigurationPlatforms) = preSolution
		Debug|Any CPU = Debug|Any CPU
		Release|Any CPU = Release|Any CPU
	EndGlobalSection
	GlobalSection(ProjectConfigurationPlatforms) = postSolution
		{B72A8748-75CE-4AF6-8EEA-BEA699A6E7C1}.Debug|Any CPU.ActiveCfg = Debug|Any CPU
		{B72A8748-75CE-4AF6-8EEA-BEA699A6E7C1}.Debug|Any CPU.Build.0 = Debug|Any CPU
		{B72A8748-75CE-4AF6-8EEA-BEA699A6E7C1}.Debug|Any CPU.Deploy.0 = Debug|Any CPU
		{B72A8748-75CE-4AF6-8EEA-BEA699A6E7C1}.Release|Any CPU.ActiveCfg = Release|Any CPU
		{B72A8748-75CE-4AF6-8EEA-BEA699A6E7C1}.Release|Any CPU.Build.0 = Release|Any CPU
		{B72A8748-75CE-4AF6-8EEA-BEA699A6E7C1}.Release|Any CPU.Deploy.0 = Release|Any CPU
		{06037923-BFC8-4A7D-892C-9E6A7FA12F96}.Debug|Any CPU.ActiveCfg = Debug|Any CPU
		{06037923-BFC8-4A7D-892C-9E6A7FA12F96}.Debug|Any CPU.Build.0 = Debug|Any CPU
		{06037923-BFC8-4A7D-892C-9E6A7FA12F96}.Debug|Any CPU.Deploy.0 = Debug|Any CPU
		{06037923-BFC8-4A7D-892C-9E6A7FA12F96}.Release|Any CPU.ActiveCfg = Release|Any CPU
		{06037923-BFC8-4A7D-892C-9E6A7FA12F96}.Release|Any CPU.Build.0 = Release|Any CPU
		{06037923-BFC8-4A7D-892C-9E6A7FA12F96}.Release|Any CPU.Deploy.0 = Release|Any CPU
		{D33E876E-728C-4711-9AD6-F32921550290}.Debug|Any CPU.ActiveCfg = Debug|Any CPU
		{D33E876E-728C-4711-9AD6-F32921550290}.Debug|Any CPU.Build.0 = Debug|Any CPU
		{D33E876E-728C-4711-9AD6-F32921550290}.Debug|Any CPU.Deploy.0 = Debug|Any CPU
		{D33E876E-728C-4711-9AD6-F32921550290}.Release|Any CPU.ActiveCfg = Release|Any CPU
		{D33E876E-728C-4711-9AD6-F32921550290}.Release|Any CPU.Build.0 = Release|Any CPU
		{D33E876E-728C-4711-9AD6-F32921550290}.Release|Any CPU.Deploy.0 = Release|Any CPU
		{554ACBB7-BC7E-4DDC-8963-1019E611CA4C}.Debug|Any CPU.ActiveCfg = Debug|Any CPU
		{554ACBB7-BC7E-4DDC-8963-1019E611CA4C}.Debug|Any CPU.Build.0 = Debug|Any CPU
		{554ACBB7-BC7E-4DDC-8963-1019E611CA4C}.Debug|Any CPU.Deploy.0 = Debug|Any CPU
		{554ACBB7-BC7E-4DDC-8963-1019E611CA4C}.Release|Any CPU.ActiveCfg = Release|Any CPU
		{554ACBB7-BC7E-4DDC-8963-1019E611CA4C}.Release|Any CPU.Build.0 = Release|Any CPU
		{554ACBB7-BC7E-4DDC-8963-1019E611CA4C}.Release|Any CPU.Deploy.0 = Release|Any CPU
		{01E79A6F-6430-4976-B1A1-42329579407D}.Debug|Any CPU.ActiveCfg = Debug|Any CPU
		{01E79A6F-6430-4976-B1A1-42329579407D}.Debug|Any CPU.Build.0 = Debug|Any CPU
		{01E79A6F-6430-4976-B1A1-42329579407D}.Debug|Any CPU.Deploy.0 = Debug|Any CPU
		{01E79A6F-6430-4976-B1A1-42329579407D}.Release|Any CPU.ActiveCfg = Release|Any CPU
		{01E79A6F-6430-4976-B1A1-42329579407D}.Release|Any CPU.Build.0 = Release|Any CPU
		{01E79A6F-6430-4976-B1A1-42329579407D}.Release|Any CPU.Deploy.0 = Release|Any CPU
<<<<<<< HEAD
=======
		{58E53DB4-91E9-4231-9CBC-FAA08DDCCF0A}.Debug|Any CPU.ActiveCfg = Debug|Any CPU
		{58E53DB4-91E9-4231-9CBC-FAA08DDCCF0A}.Debug|Any CPU.Build.0 = Debug|Any CPU
		{58E53DB4-91E9-4231-9CBC-FAA08DDCCF0A}.Release|Any CPU.ActiveCfg = Release|Any CPU
		{58E53DB4-91E9-4231-9CBC-FAA08DDCCF0A}.Release|Any CPU.Build.0 = Release|Any CPU
>>>>>>> origin/main
		{A84F2F29-F56E-42DA-9CD6-301306B4C64B}.Debug|Any CPU.ActiveCfg = Debug|Any CPU
		{A84F2F29-F56E-42DA-9CD6-301306B4C64B}.Debug|Any CPU.Build.0 = Debug|Any CPU
		{A84F2F29-F56E-42DA-9CD6-301306B4C64B}.Debug|Any CPU.Deploy.0 = Debug|Any CPU
		{A84F2F29-F56E-42DA-9CD6-301306B4C64B}.Release|Any CPU.ActiveCfg = Release|Any CPU
		{A84F2F29-F56E-42DA-9CD6-301306B4C64B}.Release|Any CPU.Build.0 = Release|Any CPU
		{A84F2F29-F56E-42DA-9CD6-301306B4C64B}.Release|Any CPU.Deploy.0 = Release|Any CPU
	EndGlobalSection
	GlobalSection(SolutionProperties) = preSolution
		HideSolutionNode = FALSE
	EndGlobalSection
	GlobalSection(ExtensibilityGlobals) = postSolution
		SolutionGuid = {45DBF9CD-FE23-40EF-BA9C-497FE13EF46A}
	EndGlobalSection
EndGlobal
