
Microsoft Visual Studio Solution File, Format Version 12.00
# Visual Studio Version 17
VisualStudioVersion = 17.11.35303.130
MinimumVisualStudioVersion = 10.0.40219.1
Project("{FAE04EC0-301F-11D3-BF4B-00C04F79EFBC}") = "Ejercicio01", "Ejercicio01\Ejercicio01.csproj", "{B72A8748-75CE-4AF6-8EEA-BEA699A6E7C1}"
EndProject
Project("{FAE04EC0-301F-11D3-BF4B-00C04F79EFBC}") = "Ejemplo", "Ejemplo\Ejemplo.csproj", "{06037923-BFC8-4A7D-892C-9E6A7FA12F96}"
EndProject
Global
	GlobalSection(SolutionConfigurationPlatforms) = preSolution
		Debug|Any CPU = Debug|Any CPU
		Release|Any CPU = Release|Any CPU
	EndGlobalSection
	GlobalSection(ProjectConfigurationPlatforms) = postSolution
		{B72A8748-75CE-4AF6-8EEA-BEA699A6E7C1}.Debug|Any CPU.ActiveCfg = Debug|Any CPU
		{B72A8748-75CE-4AF6-8EEA-BEA699A6E7C1}.Debug|Any CPU.Build.0 = Debug|Any CPU
		{B72A8748-75CE-4AF6-8EEA-BEA699A6E7C1}.Debug|Any CPU.Deploy.0 = Debug|Any CPU
		{B72A8748-75CE-4AF6-8EEA-BEA699A6E7C1}.Release|Any CPU.ActiveCfg = Release|Any CPU
		{B72A8748-75CE-4AF6-8EEA-BEA699A6E7C1}.Release|Any CPU.Build.0 = Release|Any CPU
		{B72A8748-75CE-4AF6-8EEA-BEA699A6E7C1}.Release|Any CPU.Deploy.0 = Release|Any CPU
		{06037923-BFC8-4A7D-892C-9E6A7FA12F96}.Debug|Any CPU.ActiveCfg = Debug|Any CPU
		{06037923-BFC8-4A7D-892C-9E6A7FA12F96}.Debug|Any CPU.Build.0 = Debug|Any CPU
		{06037923-BFC8-4A7D-892C-9E6A7FA12F96}.Debug|Any CPU.Deploy.0 = Debug|Any CPU
		{06037923-BFC8-4A7D-892C-9E6A7FA12F96}.Release|Any CPU.ActiveCfg = Release|Any CPU
		{06037923-BFC8-4A7D-892C-9E6A7FA12F96}.Release|Any CPU.Build.0 = Release|Any CPU
		{06037923-BFC8-4A7D-892C-9E6A7FA12F96}.Release|Any CPU.Deploy.0 = Release|Any CPU
	EndGlobalSection
	GlobalSection(SolutionProperties) = preSolution
		HideSolutionNode = FALSE
	EndGlobalSection
	GlobalSection(ExtensibilityGlobals) = postSolution
		SolutionGuid = {45DBF9CD-FE23-40EF-BA9C-497FE13EF46A}
	EndGlobalSection
EndGlobal
