
Microsoft Visual Studio Solution File, Format Version 12.00
# Visual Studio Version 17
VisualStudioVersion = 17.11.35303.130
MinimumVisualStudioVersion = 10.0.40219.1
Project("{FAE04EC0-301F-11D3-BF4B-00C04F79EFBC}") = "EjemploShell", "EjemploShell\EjemploShell.csproj", "{603BE087-BF09-4DA5-B3A5-391DDEF81812}"
EndProject
Global
	GlobalSection(SolutionConfigurationPlatforms) = preSolution
		Debug|Any CPU = Debug|Any CPU
		Release|Any CPU = Release|Any CPU
	EndGlobalSection
	GlobalSection(ProjectConfigurationPlatforms) = postSolution
		{603BE087-BF09-4DA5-B3A5-391DDEF81812}.Debug|Any CPU.ActiveCfg = Debug|Any CPU
		{603BE087-BF09-4DA5-B3A5-391DDEF81812}.Debug|Any CPU.Build.0 = Debug|Any CPU
		{603BE087-BF09-4DA5-B3A5-391DDEF81812}.Debug|Any CPU.Deploy.0 = Debug|Any CPU
		{603BE087-BF09-4DA5-B3A5-391DDEF81812}.Release|Any CPU.ActiveCfg = Release|Any CPU
		{603BE087-BF09-4DA5-B3A5-391DDEF81812}.Release|Any CPU.Build.0 = Release|Any CPU
		{603BE087-BF09-4DA5-B3A5-391DDEF81812}.Release|Any CPU.Deploy.0 = Release|Any CPU
	EndGlobalSection
	GlobalSection(SolutionProperties) = preSolution
		HideSolutionNode = FALSE
	EndGlobalSection
	GlobalSection(ExtensibilityGlobals) = postSolution
		SolutionGuid = {055EE9B4-F00E-4D49-B78F-747263A13B4B}
	EndGlobalSection
EndGlobal
