
Microsoft Visual Studio Solution File, Format Version 12.00
# Visual Studio Version 17
VisualStudioVersion = 17.11.35312.102
MinimumVisualStudioVersion = 10.0.40219.1
Project("{9A19103F-16F7-4668-BE54-9A1E7A4F7556}") = "Ejercicio01", "Ejercicio01\Ejercicio01.csproj", "{024311BB-8CFD-4F50-9185-FE2ED33DA8AE}"
EndProject
Project("{FAE04EC0-301F-11D3-BF4B-00C04F79EFBC}") = "Ejercicio02", "Ejercicio02\Ejercicio02.csproj", "{05BAACF9-776E-4A4C-B500-53B0BFAA23A9}"
EndProject
Global
	GlobalSection(SolutionConfigurationPlatforms) = preSolution
		Debug|Any CPU = Debug|Any CPU
		Release|Any CPU = Release|Any CPU
	EndGlobalSection
	GlobalSection(ProjectConfigurationPlatforms) = postSolution
		{024311BB-8CFD-4F50-9185-FE2ED33DA8AE}.Debug|Any CPU.ActiveCfg = Debug|Any CPU
		{024311BB-8CFD-4F50-9185-FE2ED33DA8AE}.Debug|Any CPU.Build.0 = Debug|Any CPU
		{024311BB-8CFD-4F50-9185-FE2ED33DA8AE}.Debug|Any CPU.Deploy.0 = Debug|Any CPU
		{024311BB-8CFD-4F50-9185-FE2ED33DA8AE}.Release|Any CPU.ActiveCfg = Release|Any CPU
		{024311BB-8CFD-4F50-9185-FE2ED33DA8AE}.Release|Any CPU.Build.0 = Release|Any CPU
		{024311BB-8CFD-4F50-9185-FE2ED33DA8AE}.Release|Any CPU.Deploy.0 = Release|Any CPU
		{05BAACF9-776E-4A4C-B500-53B0BFAA23A9}.Debug|Any CPU.ActiveCfg = Debug|Any CPU
		{05BAACF9-776E-4A4C-B500-53B0BFAA23A9}.Debug|Any CPU.Build.0 = Debug|Any CPU
		{05BAACF9-776E-4A4C-B500-53B0BFAA23A9}.Debug|Any CPU.Deploy.0 = Debug|Any CPU
		{05BAACF9-776E-4A4C-B500-53B0BFAA23A9}.Release|Any CPU.ActiveCfg = Release|Any CPU
		{05BAACF9-776E-4A4C-B500-53B0BFAA23A9}.Release|Any CPU.Build.0 = Release|Any CPU
		{05BAACF9-776E-4A4C-B500-53B0BFAA23A9}.Release|Any CPU.Deploy.0 = Release|Any CPU
	EndGlobalSection
	GlobalSection(SolutionProperties) = preSolution
		HideSolutionNode = FALSE
	EndGlobalSection
	GlobalSection(ExtensibilityGlobals) = postSolution
		SolutionGuid = {0F6E7BBD-FA08-48F8-A61A-0A5B60BDD749}
	EndGlobalSection
EndGlobal
